
Microsoft Visual Studio Solution File, Format Version 12.00
# Visual Studio Version 17
VisualStudioVersion = 17.6.33829.357
MinimumVisualStudioVersion = 10.0.40219.1
Project("{FAE04EC0-301F-11D3-BF4B-00C04F79EFBC}") = "Strings", "Strings\Strings.csproj", "{A6C24705-E4D3-428C-BD2C-9434BD403D1E}"
EndProject
Project("{FAE04EC0-301F-11D3-BF4B-00C04F79EFBC}") = "Classes", "Classes\Classes.csproj", "{F897AF40-B546-4E8D-97D8-E0EECDC94D27}"
EndProject
Project("{FAE04EC0-301F-11D3-BF4B-00C04F79EFBC}") = "RecapDemo1", "RecapDemo1\RecapDemo1.csproj", "{E2A687FC-0343-4261-8338-71A89FAD0EC4}"
EndProject
Project("{FAE04EC0-301F-11D3-BF4B-00C04F79EFBC}") = "Interfaces", "Interfaces\Interfaces.csproj", "{04A1D443-2884-4D27-8C4B-92BF78EEA01C}"
EndProject
Project("{FAE04EC0-301F-11D3-BF4B-00C04F79EFBC}") = "InterfacesDemo", "InterfacesDemo\InterfacesDemo.csproj", "{196A93C8-B29E-4F0D-81D1-9C54BD7CE0B4}"
EndProject
Project("{FAE04EC0-301F-11D3-BF4B-00C04F79EFBC}") = "Inheritance", "Inheritance\Inheritance.csproj", "{9D067235-D62A-4894-8135-20D41CC2A2BE}"
EndProject
Global
	GlobalSection(SolutionConfigurationPlatforms) = preSolution
		Debug|Any CPU = Debug|Any CPU
		Release|Any CPU = Release|Any CPU
	EndGlobalSection
	GlobalSection(ProjectConfigurationPlatforms) = postSolution
		{A6C24705-E4D3-428C-BD2C-9434BD403D1E}.Debug|Any CPU.ActiveCfg = Debug|Any CPU
		{A6C24705-E4D3-428C-BD2C-9434BD403D1E}.Debug|Any CPU.Build.0 = Debug|Any CPU
		{A6C24705-E4D3-428C-BD2C-9434BD403D1E}.Release|Any CPU.ActiveCfg = Release|Any CPU
		{A6C24705-E4D3-428C-BD2C-9434BD403D1E}.Release|Any CPU.Build.0 = Release|Any CPU
		{F897AF40-B546-4E8D-97D8-E0EECDC94D27}.Debug|Any CPU.ActiveCfg = Debug|Any CPU
		{F897AF40-B546-4E8D-97D8-E0EECDC94D27}.Debug|Any CPU.Build.0 = Debug|Any CPU
		{F897AF40-B546-4E8D-97D8-E0EECDC94D27}.Release|Any CPU.ActiveCfg = Release|Any CPU
		{F897AF40-B546-4E8D-97D8-E0EECDC94D27}.Release|Any CPU.Build.0 = Release|Any CPU
		{E2A687FC-0343-4261-8338-71A89FAD0EC4}.Debug|Any CPU.ActiveCfg = Debug|Any CPU
		{E2A687FC-0343-4261-8338-71A89FAD0EC4}.Debug|Any CPU.Build.0 = Debug|Any CPU
		{E2A687FC-0343-4261-8338-71A89FAD0EC4}.Release|Any CPU.ActiveCfg = Release|Any CPU
		{E2A687FC-0343-4261-8338-71A89FAD0EC4}.Release|Any CPU.Build.0 = Release|Any CPU
		{04A1D443-2884-4D27-8C4B-92BF78EEA01C}.Debug|Any CPU.ActiveCfg = Debug|Any CPU
		{04A1D443-2884-4D27-8C4B-92BF78EEA01C}.Debug|Any CPU.Build.0 = Debug|Any CPU
		{04A1D443-2884-4D27-8C4B-92BF78EEA01C}.Release|Any CPU.ActiveCfg = Release|Any CPU
		{04A1D443-2884-4D27-8C4B-92BF78EEA01C}.Release|Any CPU.Build.0 = Release|Any CPU
		{196A93C8-B29E-4F0D-81D1-9C54BD7CE0B4}.Debug|Any CPU.ActiveCfg = Debug|Any CPU
		{196A93C8-B29E-4F0D-81D1-9C54BD7CE0B4}.Debug|Any CPU.Build.0 = Debug|Any CPU
		{196A93C8-B29E-4F0D-81D1-9C54BD7CE0B4}.Release|Any CPU.ActiveCfg = Release|Any CPU
		{196A93C8-B29E-4F0D-81D1-9C54BD7CE0B4}.Release|Any CPU.Build.0 = Release|Any CPU
		{9D067235-D62A-4894-8135-20D41CC2A2BE}.Debug|Any CPU.ActiveCfg = Debug|Any CPU
		{9D067235-D62A-4894-8135-20D41CC2A2BE}.Debug|Any CPU.Build.0 = Debug|Any CPU
		{9D067235-D62A-4894-8135-20D41CC2A2BE}.Release|Any CPU.ActiveCfg = Release|Any CPU
		{9D067235-D62A-4894-8135-20D41CC2A2BE}.Release|Any CPU.Build.0 = Release|Any CPU
	EndGlobalSection
	GlobalSection(SolutionProperties) = preSolution
		HideSolutionNode = FALSE
	EndGlobalSection
	GlobalSection(ExtensibilityGlobals) = postSolution
		SolutionGuid = {71637626-B020-4931-BA4E-010ADB42C94E}
	EndGlobalSection
EndGlobal
